// !$*UTF8*$!
{
	archiveVersion = 1;
	classes = {
	};
	objectVersion = 56;
	objects = {

/* Begin PBXBuildFile section */
		F190D69528E1A88A00ADDBFF /* ToDoListWithMongoDBApp.swift in Sources */ = {isa = PBXBuildFile; fileRef = F190D69428E1A88A00ADDBFF /* ToDoListWithMongoDBApp.swift */; };
		F190D69728E1A88A00ADDBFF /* ContentView.swift in Sources */ = {isa = PBXBuildFile; fileRef = F190D69628E1A88A00ADDBFF /* ContentView.swift */; };
		F190D69928E1A88B00ADDBFF /* Assets.xcassets in Resources */ = {isa = PBXBuildFile; fileRef = F190D69828E1A88B00ADDBFF /* Assets.xcassets */; };
		F190D69C28E1A88B00ADDBFF /* Preview Assets.xcassets in Resources */ = {isa = PBXBuildFile; fileRef = F190D69B28E1A88B00ADDBFF /* Preview Assets.xcassets */; };
		F190D6A428E1A99200ADDBFF /* TasksView.swift in Sources */ = {isa = PBXBuildFile; fileRef = F190D6A328E1A99200ADDBFF /* TasksView.swift */; };
		F190D6A728E1AB3100ADDBFF /* TaskRow.swift in Sources */ = {isa = PBXBuildFile; fileRef = F190D6A628E1AB3100ADDBFF /* TaskRow.swift */; };
		F190D6A928E1AC4E00ADDBFF /* AddTaskView.swift in Sources */ = {isa = PBXBuildFile; fileRef = F190D6A828E1AC4E00ADDBFF /* AddTaskView.swift */; };
		F190D6AB28E1AE4F00ADDBFF /* SmallAddButton.swift in Sources */ = {isa = PBXBuildFile; fileRef = F190D6AA28E1AE4F00ADDBFF /* SmallAddButton.swift */; };
		F190D6AE28E1B2D200ADDBFF /* Realm in Frameworks */ = {isa = PBXBuildFile; productRef = F190D6AD28E1B2D200ADDBFF /* Realm */; };
		F190D6B028E1B2D200ADDBFF /* RealmSwift in Frameworks */ = {isa = PBXBuildFile; productRef = F190D6AF28E1B2D200ADDBFF /* RealmSwift */; };
		F190D6B228E1B30300ADDBFF /* RealmManager.swift in Sources */ = {isa = PBXBuildFile; fileRef = F190D6B128E1B30300ADDBFF /* RealmManager.swift */; };
		F190D6B428E1B7DE00ADDBFF /* Task.swift in Sources */ = {isa = PBXBuildFile; fileRef = F190D6B328E1B7DE00ADDBFF /* Task.swift */; };
		F1E71ABE28E30952002FF817 /* Extensions.swift in Sources */ = {isa = PBXBuildFile; fileRef = F1E71ABD28E30952002FF817 /* Extensions.swift */; };
/* End PBXBuildFile section */

/* Begin PBXFileReference section */
		F190D69128E1A88A00ADDBFF /* ToDoListWithMongoDB.app */ = {isa = PBXFileReference; explicitFileType = wrapper.application; includeInIndex = 0; path = ToDoListWithMongoDB.app; sourceTree = BUILT_PRODUCTS_DIR; };
		F190D69428E1A88A00ADDBFF /* ToDoListWithMongoDBApp.swift */ = {isa = PBXFileReference; lastKnownFileType = sourcecode.swift; path = ToDoListWithMongoDBApp.swift; sourceTree = "<group>"; };
		F190D69628E1A88A00ADDBFF /* ContentView.swift */ = {isa = PBXFileReference; lastKnownFileType = sourcecode.swift; path = ContentView.swift; sourceTree = "<group>"; };
		F190D69828E1A88B00ADDBFF /* Assets.xcassets */ = {isa = PBXFileReference; lastKnownFileType = folder.assetcatalog; path = Assets.xcassets; sourceTree = "<group>"; };
		F190D69B28E1A88B00ADDBFF /* Preview Assets.xcassets */ = {isa = PBXFileReference; lastKnownFileType = folder.assetcatalog; path = "Preview Assets.xcassets"; sourceTree = "<group>"; };
		F190D6A328E1A99200ADDBFF /* TasksView.swift */ = {isa = PBXFileReference; lastKnownFileType = sourcecode.swift; path = TasksView.swift; sourceTree = "<group>"; };
		F190D6A628E1AB3100ADDBFF /* TaskRow.swift */ = {isa = PBXFileReference; lastKnownFileType = sourcecode.swift; path = TaskRow.swift; sourceTree = "<group>"; };
		F190D6A828E1AC4E00ADDBFF /* AddTaskView.swift */ = {isa = PBXFileReference; lastKnownFileType = sourcecode.swift; path = AddTaskView.swift; sourceTree = "<group>"; };
		F190D6AA28E1AE4F00ADDBFF /* SmallAddButton.swift */ = {isa = PBXFileReference; lastKnownFileType = sourcecode.swift; path = SmallAddButton.swift; sourceTree = "<group>"; };
		F190D6B128E1B30300ADDBFF /* RealmManager.swift */ = {isa = PBXFileReference; lastKnownFileType = sourcecode.swift; path = RealmManager.swift; sourceTree = "<group>"; };
		F190D6B328E1B7DE00ADDBFF /* Task.swift */ = {isa = PBXFileReference; lastKnownFileType = sourcecode.swift; path = Task.swift; sourceTree = "<group>"; };
		F1E71ABD28E30952002FF817 /* Extensions.swift */ = {isa = PBXFileReference; fileEncoding = 4; lastKnownFileType = sourcecode.swift; path = Extensions.swift; sourceTree = "<group>"; };
/* End PBXFileReference section */

/* Begin PBXFrameworksBuildPhase section */
		F190D68E28E1A88A00ADDBFF /* Frameworks */ = {
			isa = PBXFrameworksBuildPhase;
			buildActionMask = 2147483647;
			files = (
				F190D6B028E1B2D200ADDBFF /* RealmSwift in Frameworks */,
				F190D6AE28E1B2D200ADDBFF /* Realm in Frameworks */,
			);
			runOnlyForDeploymentPostprocessing = 0;
		};
/* End PBXFrameworksBuildPhase section */

/* Begin PBXGroup section */
		F190D68828E1A88A00ADDBFF = {
			isa = PBXGroup;
			children = (
				F190D69328E1A88A00ADDBFF /* ToDoListWithMongoDB */,
				F190D69228E1A88A00ADDBFF /* Products */,
			);
			sourceTree = "<group>";
		};
		F190D69228E1A88A00ADDBFF /* Products */ = {
			isa = PBXGroup;
			children = (
				F190D69128E1A88A00ADDBFF /* ToDoListWithMongoDB.app */,
			);
			name = Products;
			sourceTree = "<group>";
		};
		F190D69328E1A88A00ADDBFF /* ToDoListWithMongoDB */ = {
			isa = PBXGroup;
			children = (
				F190D69428E1A88A00ADDBFF /* ToDoListWithMongoDBApp.swift */,
				F190D69628E1A88A00ADDBFF /* ContentView.swift */,
				F190D6A528E1AB1800ADDBFF /* Components */,
				F190D6A228E1A97900ADDBFF /* Views */,
				F190D69828E1A88B00ADDBFF /* Assets.xcassets */,
				F190D69A28E1A88B00ADDBFF /* Preview Content */,
				F190D6B128E1B30300ADDBFF /* RealmManager.swift */,
				F1E71ABD28E30952002FF817 /* Extensions.swift */,
				F190D6B328E1B7DE00ADDBFF /* Task.swift */,
			);
			path = ToDoListWithMongoDB;
			sourceTree = "<group>";
		};
		F190D69A28E1A88B00ADDBFF /* Preview Content */ = {
			isa = PBXGroup;
			children = (
				F190D69B28E1A88B00ADDBFF /* Preview Assets.xcassets */,
			);
			path = "Preview Content";
			sourceTree = "<group>";
		};
		F190D6A228E1A97900ADDBFF /* Views */ = {
			isa = PBXGroup;
			children = (
				F190D6A328E1A99200ADDBFF /* TasksView.swift */,
				F190D6A828E1AC4E00ADDBFF /* AddTaskView.swift */,
			);
			path = Views;
			sourceTree = "<group>";
		};
		F190D6A528E1AB1800ADDBFF /* Components */ = {
			isa = PBXGroup;
			children = (
				F190D6A628E1AB3100ADDBFF /* TaskRow.swift */,
				F190D6AA28E1AE4F00ADDBFF /* SmallAddButton.swift */,
			);
			path = Components;
			sourceTree = "<group>";
		};
/* End PBXGroup section */

/* Begin PBXNativeTarget section */
		F190D69028E1A88A00ADDBFF /* ToDoListWithMongoDB */ = {
			isa = PBXNativeTarget;
			buildConfigurationList = F190D69F28E1A88B00ADDBFF /* Build configuration list for PBXNativeTarget "ToDoListWithMongoDB" */;
			buildPhases = (
				F190D68D28E1A88A00ADDBFF /* Sources */,
				F190D68E28E1A88A00ADDBFF /* Frameworks */,
				F190D68F28E1A88A00ADDBFF /* Resources */,
			);
			buildRules = (
			);
			dependencies = (
			);
			name = ToDoListWithMongoDB;
			packageProductDependencies = (
				F190D6AD28E1B2D200ADDBFF /* Realm */,
				F190D6AF28E1B2D200ADDBFF /* RealmSwift */,
			);
			productName = ToDoListWithMongoDB;
			productReference = F190D69128E1A88A00ADDBFF /* ToDoListWithMongoDB.app */;
			productType = "com.apple.product-type.application";
		};
/* End PBXNativeTarget section */

/* Begin PBXProject section */
		F190D68928E1A88A00ADDBFF /* Project object */ = {
			isa = PBXProject;
			attributes = {
				BuildIndependentTargetsInParallel = 1;
				LastSwiftUpdateCheck = 1400;
				LastUpgradeCheck = 1400;
				TargetAttributes = {
					F190D69028E1A88A00ADDBFF = {
						CreatedOnToolsVersion = 14.0;
					};
				};
			};
			buildConfigurationList = F190D68C28E1A88A00ADDBFF /* Build configuration list for PBXProject "ToDoListWithMongoDB" */;
			compatibilityVersion = "Xcode 14.0";
			developmentRegion = en;
			hasScannedForEncodings = 0;
			knownRegions = (
				en,
				Base,
			);
			mainGroup = F190D68828E1A88A00ADDBFF;
			packageReferences = (
				F190D6AC28E1B2D200ADDBFF /* XCRemoteSwiftPackageReference "realm-swift" */,
			);
			productRefGroup = F190D69228E1A88A00ADDBFF /* Products */;
			projectDirPath = "";
			projectRoot = "";
			targets = (
				F190D69028E1A88A00ADDBFF /* ToDoListWithMongoDB */,
			);
		};
/* End PBXProject section */

/* Begin PBXResourcesBuildPhase section */
		F190D68F28E1A88A00ADDBFF /* Resources */ = {
			isa = PBXResourcesBuildPhase;
			buildActionMask = 2147483647;
			files = (
				F190D69C28E1A88B00ADDBFF /* Preview Assets.xcassets in Resources */,
				F190D69928E1A88B00ADDBFF /* Assets.xcassets in Resources */,
			);
			runOnlyForDeploymentPostprocessing = 0;
		};
/* End PBXResourcesBuildPhase section */

/* Begin PBXSourcesBuildPhase section */
		F190D68D28E1A88A00ADDBFF /* Sources */ = {
			isa = PBXSourcesBuildPhase;
			buildActionMask = 2147483647;
			files = (
				F190D6B428E1B7DE00ADDBFF /* Task.swift in Sources */,
				F1E71ABE28E30952002FF817 /* Extensions.swift in Sources */,
				F190D6A428E1A99200ADDBFF /* TasksView.swift in Sources */,
				F190D6A928E1AC4E00ADDBFF /* AddTaskView.swift in Sources */,
				F190D69728E1A88A00ADDBFF /* ContentView.swift in Sources */,
				F190D6AB28E1AE4F00ADDBFF /* SmallAddButton.swift in Sources */,
				F190D69528E1A88A00ADDBFF /* ToDoListWithMongoDBApp.swift in Sources */,
				F190D6B228E1B30300ADDBFF /* RealmManager.swift in Sources */,
				F190D6A728E1AB3100ADDBFF /* TaskRow.swift in Sources */,
			);
			runOnlyForDeploymentPostprocessing = 0;
		};
/* End PBXSourcesBuildPhase section */

/* Begin XCBuildConfiguration section */
		F190D69D28E1A88B00ADDBFF /* Debug */ = {
			isa = XCBuildConfiguration;
			buildSettings = {
				ALWAYS_SEARCH_USER_PATHS = NO;
				CLANG_ANALYZER_NONNULL = YES;
				CLANG_ANALYZER_NUMBER_OBJECT_CONVERSION = YES_AGGRESSIVE;
				CLANG_CXX_LANGUAGE_STANDARD = "gnu++20";
				CLANG_ENABLE_MODULES = YES;
				CLANG_ENABLE_OBJC_ARC = YES;
				CLANG_ENABLE_OBJC_WEAK = YES;
				CLANG_WARN_BLOCK_CAPTURE_AUTORELEASING = YES;
				CLANG_WARN_BOOL_CONVERSION = YES;
				CLANG_WARN_COMMA = YES;
				CLANG_WARN_CONSTANT_CONVERSION = YES;
				CLANG_WARN_DEPRECATED_OBJC_IMPLEMENTATIONS = YES;
				CLANG_WARN_DIRECT_OBJC_ISA_USAGE = YES_ERROR;
				CLANG_WARN_DOCUMENTATION_COMMENTS = YES;
				CLANG_WARN_EMPTY_BODY = YES;
				CLANG_WARN_ENUM_CONVERSION = YES;
				CLANG_WARN_INFINITE_RECURSION = YES;
				CLANG_WARN_INT_CONVERSION = YES;
				CLANG_WARN_NON_LITERAL_NULL_CONVERSION = YES;
				CLANG_WARN_OBJC_IMPLICIT_RETAIN_SELF = YES;
				CLANG_WARN_OBJC_LITERAL_CONVERSION = YES;
				CLANG_WARN_OBJC_ROOT_CLASS = YES_ERROR;
				CLANG_WARN_QUOTED_INCLUDE_IN_FRAMEWORK_HEADER = YES;
				CLANG_WARN_RANGE_LOOP_ANALYSIS = YES;
				CLANG_WARN_STRICT_PROTOTYPES = YES;
				CLANG_WARN_SUSPICIOUS_MOVE = YES;
				CLANG_WARN_UNGUARDED_AVAILABILITY = YES_AGGRESSIVE;
				CLANG_WARN_UNREACHABLE_CODE = YES;
				CLANG_WARN__DUPLICATE_METHOD_MATCH = YES;
				COPY_PHASE_STRIP = NO;
				DEBUG_INFORMATION_FORMAT = dwarf;
				ENABLE_STRICT_OBJC_MSGSEND = YES;
				ENABLE_TESTABILITY = YES;
				GCC_C_LANGUAGE_STANDARD = gnu11;
				GCC_DYNAMIC_NO_PIC = NO;
				GCC_NO_COMMON_BLOCKS = YES;
				GCC_OPTIMIZATION_LEVEL = 0;
				GCC_PREPROCESSOR_DEFINITIONS = (
					"DEBUG=1",
					"$(inherited)",
				);
				GCC_WARN_64_TO_32_BIT_CONVERSION = YES;
				GCC_WARN_ABOUT_RETURN_TYPE = YES_ERROR;
				GCC_WARN_UNDECLARED_SELECTOR = YES;
				GCC_WARN_UNINITIALIZED_AUTOS = YES_AGGRESSIVE;
				GCC_WARN_UNUSED_FUNCTION = YES;
				GCC_WARN_UNUSED_VARIABLE = YES;
				IPHONEOS_DEPLOYMENT_TARGET = 16.0;
				MTL_ENABLE_DEBUG_INFO = INCLUDE_SOURCE;
				MTL_FAST_MATH = YES;
				ONLY_ACTIVE_ARCH = YES;
				SDKROOT = iphoneos;
				SWIFT_ACTIVE_COMPILATION_CONDITIONS = DEBUG;
				SWIFT_OPTIMIZATION_LEVEL = "-Onone";
			};
			name = Debug;
		};
		F190D69E28E1A88B00ADDBFF /* Release */ = {
			isa = XCBuildConfiguration;
			buildSettings = {
				ALWAYS_SEARCH_USER_PATHS = NO;
				CLANG_ANALYZER_NONNULL = YES;
				CLANG_ANALYZER_NUMBER_OBJECT_CONVERSION = YES_AGGRESSIVE;
				CLANG_CXX_LANGUAGE_STANDARD = "gnu++20";
				CLANG_ENABLE_MODULES = YES;
				CLANG_ENABLE_OBJC_ARC = YES;
				CLANG_ENABLE_OBJC_WEAK = YES;
				CLANG_WARN_BLOCK_CAPTURE_AUTORELEASING = YES;
				CLANG_WARN_BOOL_CONVERSION = YES;
				CLANG_WARN_COMMA = YES;
				CLANG_WARN_CONSTANT_CONVERSION = YES;
				CLANG_WARN_DEPRECATED_OBJC_IMPLEMENTATIONS = YES;
				CLANG_WARN_DIRECT_OBJC_ISA_USAGE = YES_ERROR;
				CLANG_WARN_DOCUMENTATION_COMMENTS = YES;
				CLANG_WARN_EMPTY_BODY = YES;
				CLANG_WARN_ENUM_CONVERSION = YES;
				CLANG_WARN_INFINITE_RECURSION = YES;
				CLANG_WARN_INT_CONVERSION = YES;
				CLANG_WARN_NON_LITERAL_NULL_CONVERSION = YES;
				CLANG_WARN_OBJC_IMPLICIT_RETAIN_SELF = YES;
				CLANG_WARN_OBJC_LITERAL_CONVERSION = YES;
				CLANG_WARN_OBJC_ROOT_CLASS = YES_ERROR;
				CLANG_WARN_QUOTED_INCLUDE_IN_FRAMEWORK_HEADER = YES;
				CLANG_WARN_RANGE_LOOP_ANALYSIS = YES;
				CLANG_WARN_STRICT_PROTOTYPES = YES;
				CLANG_WARN_SUSPICIOUS_MOVE = YES;
				CLANG_WARN_UNGUARDED_AVAILABILITY = YES_AGGRESSIVE;
				CLANG_WARN_UNREACHABLE_CODE = YES;
				CLANG_WARN__DUPLICATE_METHOD_MATCH = YES;
				COPY_PHASE_STRIP = NO;
				DEBUG_INFORMATION_FORMAT = "dwarf-with-dsym";
				ENABLE_NS_ASSERTIONS = NO;
				ENABLE_STRICT_OBJC_MSGSEND = YES;
				GCC_C_LANGUAGE_STANDARD = gnu11;
				GCC_NO_COMMON_BLOCKS = YES;
				GCC_WARN_64_TO_32_BIT_CONVERSION = YES;
				GCC_WARN_ABOUT_RETURN_TYPE = YES_ERROR;
				GCC_WARN_UNDECLARED_SELECTOR = YES;
				GCC_WARN_UNINITIALIZED_AUTOS = YES_AGGRESSIVE;
				GCC_WARN_UNUSED_FUNCTION = YES;
				GCC_WARN_UNUSED_VARIABLE = YES;
				IPHONEOS_DEPLOYMENT_TARGET = 16.0;
				MTL_ENABLE_DEBUG_INFO = NO;
				MTL_FAST_MATH = YES;
				SDKROOT = iphoneos;
				SWIFT_COMPILATION_MODE = wholemodule;
				SWIFT_OPTIMIZATION_LEVEL = "-O";
				VALIDATE_PRODUCT = YES;
			};
			name = Release;
		};
		F190D6A028E1A88B00ADDBFF /* Debug */ = {
			isa = XCBuildConfiguration;
			buildSettings = {
				ASSETCATALOG_COMPILER_APPICON_NAME = AppIcon;
				ASSETCATALOG_COMPILER_GLOBAL_ACCENT_COLOR_NAME = AccentColor;
				CODE_SIGN_STYLE = Automatic;
				CURRENT_PROJECT_VERSION = 1;
				DEVELOPMENT_ASSET_PATHS = "\"ToDoListWithMongoDB/Preview Content\"";
				DEVELOPMENT_TEAM = DJ5BS8JH99;
				ENABLE_PREVIEWS = YES;
				GENERATE_INFOPLIST_FILE = YES;
				INFOPLIST_KEY_UIApplicationSceneManifest_Generation = YES;
				INFOPLIST_KEY_UIApplicationSupportsIndirectInputEvents = YES;
				INFOPLIST_KEY_UILaunchScreen_Generation = YES;
				INFOPLIST_KEY_UISupportedInterfaceOrientations_iPad = "UIInterfaceOrientationPortrait UIInterfaceOrientationPortraitUpsideDown UIInterfaceOrientationLandscapeLeft UIInterfaceOrientationLandscapeRight";
				INFOPLIST_KEY_UISupportedInterfaceOrientations_iPhone = "UIInterfaceOrientationPortrait UIInterfaceOrientationLandscapeLeft UIInterfaceOrientationLandscapeRight";
				LD_RUNPATH_SEARCH_PATHS = (
					"$(inherited)",
					"@executable_path/Frameworks",
				);
				MARKETING_VERSION = 1.0;
				PRODUCT_BUNDLE_IDENTIFIER = PromFilm.ToDoListWithMongoDB;
				PRODUCT_NAME = "$(TARGET_NAME)";
				SWIFT_EMIT_LOC_STRINGS = YES;
				SWIFT_VERSION = 5.0;
				TARGETED_DEVICE_FAMILY = "1,2";
			};
			name = Debug;
		};
		F190D6A128E1A88B00ADDBFF /* Release */ = {
			isa = XCBuildConfiguration;
			buildSettings = {
				ASSETCATALOG_COMPILER_APPICON_NAME = AppIcon;
				ASSETCATALOG_COMPILER_GLOBAL_ACCENT_COLOR_NAME = AccentColor;
				CODE_SIGN_STYLE = Automatic;
				CURRENT_PROJECT_VERSION = 1;
				DEVELOPMENT_ASSET_PATHS = "\"ToDoListWithMongoDB/Preview Content\"";
				DEVELOPMENT_TEAM = DJ5BS8JH99;
				ENABLE_PREVIEWS = YES;
				GENERATE_INFOPLIST_FILE = YES;
				INFOPLIST_KEY_UIApplicationSceneManifest_Generation = YES;
				INFOPLIST_KEY_UIApplicationSupportsIndirectInputEvents = YES;
				INFOPLIST_KEY_UILaunchScreen_Generation = YES;
				INFOPLIST_KEY_UISupportedInterfaceOrientations_iPad = "UIInterfaceOrientationPortrait UIInterfaceOrientationPortraitUpsideDown UIInterfaceOrientationLandscapeLeft UIInterfaceOrientationLandscapeRight";
				INFOPLIST_KEY_UISupportedInterfaceOrientations_iPhone = "UIInterfaceOrientationPortrait UIInterfaceOrientationLandscapeLeft UIInterfaceOrientationLandscapeRight";
				LD_RUNPATH_SEARCH_PATHS = (
					"$(inherited)",
					"@executable_path/Frameworks",
				);
				MARKETING_VERSION = 1.0;
				PRODUCT_BUNDLE_IDENTIFIER = PromFilm.ToDoListWithMongoDB;
				PRODUCT_NAME = "$(TARGET_NAME)";
				SWIFT_EMIT_LOC_STRINGS = YES;
				SWIFT_VERSION = 5.0;
				TARGETED_DEVICE_FAMILY = "1,2";
			};
			name = Release;
		};
/* End XCBuildConfiguration section */

/* Begin XCConfigurationList section */
		F190D68C28E1A88A00ADDBFF /* Build configuration list for PBXProject "ToDoListWithMongoDB" */ = {
			isa = XCConfigurationList;
			buildConfigurations = (
				F190D69D28E1A88B00ADDBFF /* Debug */,
				F190D69E28E1A88B00ADDBFF /* Release */,
			);
			defaultConfigurationIsVisible = 0;
			defaultConfigurationName = Release;
		};
		F190D69F28E1A88B00ADDBFF /* Build configuration list for PBXNativeTarget "ToDoListWithMongoDB" */ = {
			isa = XCConfigurationList;
			buildConfigurations = (
				F190D6A028E1A88B00ADDBFF /* Debug */,
				F190D6A128E1A88B00ADDBFF /* Release */,
			);
			defaultConfigurationIsVisible = 0;
			defaultConfigurationName = Release;
		};
/* End XCConfigurationList section */

/* Begin XCRemoteSwiftPackageReference section */
		F190D6AC28E1B2D200ADDBFF /* XCRemoteSwiftPackageReference "realm-swift" */ = {
			isa = XCRemoteSwiftPackageReference;
			repositoryURL = "https://github.com/realm/realm-swift";
			requirement = {
				branch = master;
				kind = branch;
			};
		};
/* End XCRemoteSwiftPackageReference section */

/* Begin XCSwiftPackageProductDependency section */
		F190D6AD28E1B2D200ADDBFF /* Realm */ = {
			isa = XCSwiftPackageProductDependency;
			package = F190D6AC28E1B2D200ADDBFF /* XCRemoteSwiftPackageReference "realm-swift" */;
			productName = Realm;
		};
		F190D6AF28E1B2D200ADDBFF /* RealmSwift */ = {
			isa = XCSwiftPackageProductDependency;
			package = F190D6AC28E1B2D200ADDBFF /* XCRemoteSwiftPackageReference "realm-swift" */;
			productName = RealmSwift;
		};
/* End XCSwiftPackageProductDependency section */
	};
	rootObject = F190D68928E1A88A00ADDBFF /* Project object */;
}
